{
  "name": "smart-automatic-streetlight-embedded",
  "version": "2.4.0",
  "lockfileVersion": 3,
  "requires": true,
  "packages": {
    "": {
      "name": "smart-automatic-streetlight-embedded",
      "version": "2.4.0",
      "license": "Proprietary",
      "dependencies": {
        "chart.js": "^4.4.1",
        "ws": "^8.16.0"
      },
      "devDependencies": {
        "eslint": "^8.56.0"
      }
    },
    "node_modules/chart.js": {
      "version": "4.4.1",
      "resolved": "https://registry.npmjs.org/chart.js/-/chart.js-4.4.1.tgz",
      "integrity": "sha512-C7lnkoCmrVE8322VN/n595wIqNT21/6fHCLw5d/7xva00Wf0z8y31d875p8g4/wA8xV4/J+x7O76z6u967a==",
      "license": "MIT"
    },
    "node_modules/ws": {
      "version": "8.16.0",
      "resolved": "https://registry.npmjs.org/ws/-/ws-8.16.0.tgz",
      "integrity": "sha512-HS0c//TP7Ina87TfiPUz1rQzMhHrl/SG2014fJWWYOnKSP5PC2sdGocVCGkgTUpfS4Ptx5YBq4ZJvZyLI2bUfw==",
      "license": "MIT"
    }
  }
}
