# This file is automatically generated by Poetry 1.8.0 and should be committed to version control.
[[package]]
name = "numpy"
version = "1.26.4"
description = "Fundamental package for array computing in Python"
optional = false
python-versions = ">=3.9"

[[package]]
name = "pyserial"
version = "3.5"
description = "Python Serial Port Extension"
optional = false
python-versions = "*"

[[package]]
name = "websockets"
version = "12.0"
description = "An implementation of the WebSocket Protocol (RFC 6455 & 7692)"
optional = false
python-versions = ">=3.8"

[metadata]
lock-version = "2.0"
python-versions = ">=3.10"
content-hash = "a1b2c3d4e5f60718293a4b5c6d7e8f90123456789abcdef"
